// !$*UTF8*$!
{
	archiveVersion = 1;
	classes = {
	};
	objectVersion = 56;
	objects = {

/* Begin PBXBuildFile section */
		2CAC38472A78EE1B00735A2E /* AppDelegate.swift in Sources */ = {isa = PBXBuildFile; fileRef = 2CAC38462A78EE1B00735A2E /* AppDelegate.swift */; };
		2CAC38502A78EE1D00735A2E /* Assets.xcassets in Resources */ = {isa = PBXBuildFile; fileRef = 2CAC384F2A78EE1D00735A2E /* Assets.xcassets */; };
		2CAC38532A78EE1D00735A2E /* LaunchScreen.storyboard in Resources */ = {isa = PBXBuildFile; fileRef = 2CAC38512A78EE1D00735A2E /* LaunchScreen.storyboard */; };
		2CAC385C2A78EF7900735A2E /* .gitignore in Resources */ = {isa = PBXBuildFile; fileRef = 2CAC385B2A78EF7900735A2E /* .gitignore */; };
		2CAC38622A78F24200735A2E /* PresentationAssembly.swift in Sources */ = {isa = PBXBuildFile; fileRef = 2CAC38612A78F24100735A2E /* PresentationAssembly.swift */; };
		2CAC38642A78F2C200735A2E /* CVConfiguratur.swift in Sources */ = {isa = PBXBuildFile; fileRef = 2CAC38632A78F2C200735A2E /* CVConfiguratur.swift */; };
		2CAC38662A78F2F700735A2E /* CVViewController.swift in Sources */ = {isa = PBXBuildFile; fileRef = 2CAC38652A78F2F700735A2E /* CVViewController.swift */; };
		2CAC38682A78F33200735A2E /* CVPresenter.swift in Sources */ = {isa = PBXBuildFile; fileRef = 2CAC38672A78F33200735A2E /* CVPresenter.swift */; };
		2CAC386A2A78F71700735A2E /* CVModel.swift in Sources */ = {isa = PBXBuildFile; fileRef = 2CAC38692A78F71700735A2E /* CVModel.swift */; };
		2CAC386E2A7904DB00735A2E /* Colors.swift in Sources */ = {isa = PBXBuildFile; fileRef = 2CAC386D2A7904DB00735A2E /* Colors.swift */; };
		2CAC38702A79141000735A2E /* Icons.swift in Sources */ = {isa = PBXBuildFile; fileRef = 2CAC386F2A79141000735A2E /* Icons.swift */; };
		2CAC38732A79462000735A2E /* SkillsDataSourceProvider.swift in Sources */ = {isa = PBXBuildFile; fileRef = 2CAC38722A79462000735A2E /* SkillsDataSourceProvider.swift */; };
		2CAC38752A7948DB00735A2E /* SkillCell.swift in Sources */ = {isa = PBXBuildFile; fileRef = 2CAC38742A7948DB00735A2E /* SkillCell.swift */; };
		2CAC38782A7948F700735A2E /* AddSkillCell.swift in Sources */ = {isa = PBXBuildFile; fileRef = 2CAC38772A7948F700735A2E /* AddSkillCell.swift */; };
		2CAC387A2A79494F00735A2E /* IdentifableCell.swift in Sources */ = {isa = PBXBuildFile; fileRef = 2CAC38792A79494F00735A2E /* IdentifableCell.swift */; };
/* End PBXBuildFile section */

/* Begin PBXFileReference section */
		2CAC38432A78EE1B00735A2E /* CVApp.app */ = {isa = PBXFileReference; explicitFileType = wrapper.application; includeInIndex = 0; path = CVApp.app; sourceTree = BUILT_PRODUCTS_DIR; };
		2CAC38462A78EE1B00735A2E /* AppDelegate.swift */ = {isa = PBXFileReference; lastKnownFileType = sourcecode.swift; path = AppDelegate.swift; sourceTree = "<group>"; };
		2CAC384F2A78EE1D00735A2E /* Assets.xcassets */ = {isa = PBXFileReference; lastKnownFileType = folder.assetcatalog; path = Assets.xcassets; sourceTree = "<group>"; };
		2CAC38522A78EE1D00735A2E /* Base */ = {isa = PBXFileReference; lastKnownFileType = file.storyboard; name = Base; path = Base.lproj/LaunchScreen.storyboard; sourceTree = "<group>"; };
		2CAC38542A78EE1D00735A2E /* Info.plist */ = {isa = PBXFileReference; lastKnownFileType = text.plist.xml; path = Info.plist; sourceTree = "<group>"; };
		2CAC385B2A78EF7900735A2E /* .gitignore */ = {isa = PBXFileReference; lastKnownFileType = text; path = .gitignore; sourceTree = "<group>"; };
		2CAC38612A78F24100735A2E /* PresentationAssembly.swift */ = {isa = PBXFileReference; lastKnownFileType = sourcecode.swift; path = PresentationAssembly.swift; sourceTree = "<group>"; };
		2CAC38632A78F2C200735A2E /* CVConfiguratur.swift */ = {isa = PBXFileReference; lastKnownFileType = sourcecode.swift; path = CVConfiguratur.swift; sourceTree = "<group>"; };
		2CAC38652A78F2F700735A2E /* CVViewController.swift */ = {isa = PBXFileReference; lastKnownFileType = sourcecode.swift; path = CVViewController.swift; sourceTree = "<group>"; };
		2CAC38672A78F33200735A2E /* CVPresenter.swift */ = {isa = PBXFileReference; lastKnownFileType = sourcecode.swift; path = CVPresenter.swift; sourceTree = "<group>"; };
		2CAC38692A78F71700735A2E /* CVModel.swift */ = {isa = PBXFileReference; lastKnownFileType = sourcecode.swift; path = CVModel.swift; sourceTree = "<group>"; };
		2CAC386D2A7904DB00735A2E /* Colors.swift */ = {isa = PBXFileReference; lastKnownFileType = sourcecode.swift; path = Colors.swift; sourceTree = "<group>"; };
		2CAC386F2A79141000735A2E /* Icons.swift */ = {isa = PBXFileReference; lastKnownFileType = sourcecode.swift; path = Icons.swift; sourceTree = "<group>"; };
		2CAC38722A79462000735A2E /* SkillsDataSourceProvider.swift */ = {isa = PBXFileReference; lastKnownFileType = sourcecode.swift; path = SkillsDataSourceProvider.swift; sourceTree = "<group>"; };
		2CAC38742A7948DB00735A2E /* SkillCell.swift */ = {isa = PBXFileReference; lastKnownFileType = sourcecode.swift; path = SkillCell.swift; sourceTree = "<group>"; };
		2CAC38772A7948F700735A2E /* AddSkillCell.swift */ = {isa = PBXFileReference; lastKnownFileType = sourcecode.swift; path = AddSkillCell.swift; sourceTree = "<group>"; };
		2CAC38792A79494F00735A2E /* IdentifableCell.swift */ = {isa = PBXFileReference; lastKnownFileType = sourcecode.swift; path = IdentifableCell.swift; sourceTree = "<group>"; };
/* End PBXFileReference section */

/* Begin PBXFrameworksBuildPhase section */
		2CAC38402A78EE1B00735A2E /* Frameworks */ = {
			isa = PBXFrameworksBuildPhase;
			buildActionMask = 2147483647;
			files = (
			);
			runOnlyForDeploymentPostprocessing = 0;
		};
/* End PBXFrameworksBuildPhase section */

/* Begin PBXGroup section */
		2CAC383A2A78EE1B00735A2E = {
			isa = PBXGroup;
			children = (
				2CAC385B2A78EF7900735A2E /* .gitignore */,
				2CAC38452A78EE1B00735A2E /* CVApp */,
				2CAC38442A78EE1B00735A2E /* Products */,
			);
			sourceTree = "<group>";
		};
		2CAC38442A78EE1B00735A2E /* Products */ = {
			isa = PBXGroup;
			children = (
				2CAC38432A78EE1B00735A2E /* CVApp.app */,
			);
			name = Products;
			sourceTree = "<group>";
		};
		2CAC38452A78EE1B00735A2E /* CVApp */ = {
			isa = PBXGroup;
			children = (
				2CAC38542A78EE1D00735A2E /* Info.plist */,
				2CAC385D2A78F0A000735A2E /* Default */,
				2CAC386B2A79047400735A2E /* Common */,
				2CAC385F2A78F1E700735A2E /* PresentationLayer */,
			);
			path = CVApp;
			sourceTree = "<group>";
		};
		2CAC385D2A78F0A000735A2E /* Default */ = {
			isa = PBXGroup;
			children = (
				2CAC385E2A78F0B700735A2E /* Recources */,
				2CAC38512A78EE1D00735A2E /* LaunchScreen.storyboard */,
				2CAC38462A78EE1B00735A2E /* AppDelegate.swift */,
			);
			path = Default;
			sourceTree = "<group>";
		};
		2CAC385E2A78F0B700735A2E /* Recources */ = {
			isa = PBXGroup;
			children = (
				2CAC384F2A78EE1D00735A2E /* Assets.xcassets */,
			);
			path = Recources;
			sourceTree = "<group>";
		};
		2CAC385F2A78F1E700735A2E /* PresentationLayer */ = {
			isa = PBXGroup;
			children = (
				2CAC38612A78F24100735A2E /* PresentationAssembly.swift */,
				2CAC38602A78F20700735A2E /* CV */,
			);
			path = PresentationLayer;
			sourceTree = "<group>";
		};
		2CAC38602A78F20700735A2E /* CV */ = {
			isa = PBXGroup;
			children = (
				2CAC38762A7948E000735A2E /* Cells */,
				2CAC38712A7945F300735A2E /* Providers */,
				2CAC38652A78F2F700735A2E /* CVViewController.swift */,
				2CAC38672A78F33200735A2E /* CVPresenter.swift */,
				2CAC38632A78F2C200735A2E /* CVConfiguratur.swift */,
				2CAC38692A78F71700735A2E /* CVModel.swift */,
			);
			path = CV;
			sourceTree = "<group>";
		};
		2CAC386B2A79047400735A2E /* Common */ = {
			isa = PBXGroup;
			children = (
				2CAC387B2A79495C00735A2E /* Protocols */,
				2CAC386C2A7904B000735A2E /* Constants */,
			);
			path = Common;
			sourceTree = "<group>";
		};
		2CAC386C2A7904B000735A2E /* Constants */ = {
			isa = PBXGroup;
			children = (
				2CAC386D2A7904DB00735A2E /* Colors.swift */,
				2CAC386F2A79141000735A2E /* Icons.swift */,
			);
			path = Constants;
			sourceTree = "<group>";
		};
		2CAC38712A7945F300735A2E /* Providers */ = {
			isa = PBXGroup;
			children = (
				2CAC38722A79462000735A2E /* SkillsDataSourceProvider.swift */,
			);
			path = Providers;
			sourceTree = "<group>";
		};
		2CAC38762A7948E000735A2E /* Cells */ = {
			isa = PBXGroup;
			children = (
				2CAC38742A7948DB00735A2E /* SkillCell.swift */,
				2CAC38772A7948F700735A2E /* AddSkillCell.swift */,
			);
			path = Cells;
			sourceTree = "<group>";
		};
		2CAC387B2A79495C00735A2E /* Protocols */ = {
			isa = PBXGroup;
			children = (
				2CAC38792A79494F00735A2E /* IdentifableCell.swift */,
			);
			path = Protocols;
			sourceTree = "<group>";
		};
/* End PBXGroup section */

/* Begin PBXNativeTarget section */
		2CAC38422A78EE1B00735A2E /* CVApp */ = {
			isa = PBXNativeTarget;
			buildConfigurationList = 2CAC38572A78EE1D00735A2E /* Build configuration list for PBXNativeTarget "CVApp" */;
			buildPhases = (
				2CAC383F2A78EE1B00735A2E /* Sources */,
				2CAC38402A78EE1B00735A2E /* Frameworks */,
				2CAC38412A78EE1B00735A2E /* Resources */,
			);
			buildRules = (
			);
			dependencies = (
			);
			name = CVApp;
			productName = CVApp;
			productReference = 2CAC38432A78EE1B00735A2E /* CVApp.app */;
			productType = "com.apple.product-type.application";
		};
/* End PBXNativeTarget section */

/* Begin PBXProject section */
		2CAC383B2A78EE1B00735A2E /* Project object */ = {
			isa = PBXProject;
			attributes = {
				BuildIndependentTargetsInParallel = 1;
				LastSwiftUpdateCheck = 1430;
				LastUpgradeCheck = 1430;
				TargetAttributes = {
					2CAC38422A78EE1B00735A2E = {
						CreatedOnToolsVersion = 14.3.1;
					};
				};
			};
			buildConfigurationList = 2CAC383E2A78EE1B00735A2E /* Build configuration list for PBXProject "CVApp" */;
			compatibilityVersion = "Xcode 14.0";
			developmentRegion = en;
			hasScannedForEncodings = 0;
			knownRegions = (
				en,
				Base,
			);
			mainGroup = 2CAC383A2A78EE1B00735A2E;
			productRefGroup = 2CAC38442A78EE1B00735A2E /* Products */;
			projectDirPath = "";
			projectRoot = "";
			targets = (
				2CAC38422A78EE1B00735A2E /* CVApp */,
			);
		};
/* End PBXProject section */

/* Begin PBXResourcesBuildPhase section */
		2CAC38412A78EE1B00735A2E /* Resources */ = {
			isa = PBXResourcesBuildPhase;
			buildActionMask = 2147483647;
			files = (
				2CAC385C2A78EF7900735A2E /* .gitignore in Resources */,
				2CAC38532A78EE1D00735A2E /* LaunchScreen.storyboard in Resources */,
				2CAC38502A78EE1D00735A2E /* Assets.xcassets in Resources */,
			);
			runOnlyForDeploymentPostprocessing = 0;
		};
/* End PBXResourcesBuildPhase section */

/* Begin PBXSourcesBuildPhase section */
		2CAC383F2A78EE1B00735A2E /* Sources */ = {
			isa = PBXSourcesBuildPhase;
			buildActionMask = 2147483647;
			files = (
				2CAC386A2A78F71700735A2E /* CVModel.swift in Sources */,
				2CAC38472A78EE1B00735A2E /* AppDelegate.swift in Sources */,
				2CAC38702A79141000735A2E /* Icons.swift in Sources */,
				2CAC38682A78F33200735A2E /* CVPresenter.swift in Sources */,
				2CAC386E2A7904DB00735A2E /* Colors.swift in Sources */,
				2CAC38732A79462000735A2E /* SkillsDataSourceProvider.swift in Sources */,
				2CAC38782A7948F700735A2E /* AddSkillCell.swift in Sources */,
				2CAC38662A78F2F700735A2E /* CVViewController.swift in Sources */,
				2CAC38622A78F24200735A2E /* PresentationAssembly.swift in Sources */,
				2CAC38642A78F2C200735A2E /* CVConfiguratur.swift in Sources */,
				2CAC38752A7948DB00735A2E /* SkillCell.swift in Sources */,
				2CAC387A2A79494F00735A2E /* IdentifableCell.swift in Sources */,
			);
			runOnlyForDeploymentPostprocessing = 0;
		};
/* End PBXSourcesBuildPhase section */

/* Begin PBXVariantGroup section */
		2CAC38512A78EE1D00735A2E /* LaunchScreen.storyboard */ = {
			isa = PBXVariantGroup;
			children = (
				2CAC38522A78EE1D00735A2E /* Base */,
			);
			name = LaunchScreen.storyboard;
			sourceTree = "<group>";
		};
/* End PBXVariantGroup section */

/* Begin XCBuildConfiguration section */
		2CAC38552A78EE1D00735A2E /* Debug */ = {
			isa = XCBuildConfiguration;
			buildSettings = {
				ALWAYS_SEARCH_USER_PATHS = NO;
				CLANG_ANALYZER_NONNULL = YES;
				CLANG_ANALYZER_NUMBER_OBJECT_CONVERSION = YES_AGGRESSIVE;
				CLANG_CXX_LANGUAGE_STANDARD = "gnu++20";
				CLANG_ENABLE_MODULES = YES;
				CLANG_ENABLE_OBJC_ARC = YES;
				CLANG_ENABLE_OBJC_WEAK = YES;
				CLANG_WARN_BLOCK_CAPTURE_AUTORELEASING = YES;
				CLANG_WARN_BOOL_CONVERSION = YES;
				CLANG_WARN_COMMA = YES;
				CLANG_WARN_CONSTANT_CONVERSION = YES;
				CLANG_WARN_DEPRECATED_OBJC_IMPLEMENTATIONS = YES;
				CLANG_WARN_DIRECT_OBJC_ISA_USAGE = YES_ERROR;
				CLANG_WARN_DOCUMENTATION_COMMENTS = YES;
				CLANG_WARN_EMPTY_BODY = YES;
				CLANG_WARN_ENUM_CONVERSION = YES;
				CLANG_WARN_INFINITE_RECURSION = YES;
				CLANG_WARN_INT_CONVERSION = YES;
				CLANG_WARN_NON_LITERAL_NULL_CONVERSION = YES;
				CLANG_WARN_OBJC_IMPLICIT_RETAIN_SELF = YES;
				CLANG_WARN_OBJC_LITERAL_CONVERSION = YES;
				CLANG_WARN_OBJC_ROOT_CLASS = YES_ERROR;
				CLANG_WARN_QUOTED_INCLUDE_IN_FRAMEWORK_HEADER = YES;
				CLANG_WARN_RANGE_LOOP_ANALYSIS = YES;
				CLANG_WARN_STRICT_PROTOTYPES = YES;
				CLANG_WARN_SUSPICIOUS_MOVE = YES;
				CLANG_WARN_UNGUARDED_AVAILABILITY = YES_AGGRESSIVE;
				CLANG_WARN_UNREACHABLE_CODE = YES;
				CLANG_WARN__DUPLICATE_METHOD_MATCH = YES;
				COPY_PHASE_STRIP = NO;
				DEBUG_INFORMATION_FORMAT = dwarf;
				ENABLE_STRICT_OBJC_MSGSEND = YES;
				ENABLE_TESTABILITY = YES;
				GCC_C_LANGUAGE_STANDARD = gnu11;
				GCC_DYNAMIC_NO_PIC = NO;
				GCC_NO_COMMON_BLOCKS = YES;
				GCC_OPTIMIZATION_LEVEL = 0;
				GCC_PREPROCESSOR_DEFINITIONS = (
					"DEBUG=1",
					"$(inherited)",
				);
				GCC_WARN_64_TO_32_BIT_CONVERSION = YES;
				GCC_WARN_ABOUT_RETURN_TYPE = YES_ERROR;
				GCC_WARN_UNDECLARED_SELECTOR = YES;
				GCC_WARN_UNINITIALIZED_AUTOS = YES_AGGRESSIVE;
				GCC_WARN_UNUSED_FUNCTION = YES;
				GCC_WARN_UNUSED_VARIABLE = YES;
				IPHONEOS_DEPLOYMENT_TARGET = 16.4;
				MTL_ENABLE_DEBUG_INFO = INCLUDE_SOURCE;
				MTL_FAST_MATH = YES;
				ONLY_ACTIVE_ARCH = YES;
				SDKROOT = iphoneos;
				SWIFT_ACTIVE_COMPILATION_CONDITIONS = DEBUG;
				SWIFT_OPTIMIZATION_LEVEL = "-Onone";
			};
			name = Debug;
		};
		2CAC38562A78EE1D00735A2E /* Release */ = {
			isa = XCBuildConfiguration;
			buildSettings = {
				ALWAYS_SEARCH_USER_PATHS = NO;
				CLANG_ANALYZER_NONNULL = YES;
				CLANG_ANALYZER_NUMBER_OBJECT_CONVERSION = YES_AGGRESSIVE;
				CLANG_CXX_LANGUAGE_STANDARD = "gnu++20";
				CLANG_ENABLE_MODULES = YES;
				CLANG_ENABLE_OBJC_ARC = YES;
				CLANG_ENABLE_OBJC_WEAK = YES;
				CLANG_WARN_BLOCK_CAPTURE_AUTORELEASING = YES;
				CLANG_WARN_BOOL_CONVERSION = YES;
				CLANG_WARN_COMMA = YES;
				CLANG_WARN_CONSTANT_CONVERSION = YES;
				CLANG_WARN_DEPRECATED_OBJC_IMPLEMENTATIONS = YES;
				CLANG_WARN_DIRECT_OBJC_ISA_USAGE = YES_ERROR;
				CLANG_WARN_DOCUMENTATION_COMMENTS = YES;
				CLANG_WARN_EMPTY_BODY = YES;
				CLANG_WARN_ENUM_CONVERSION = YES;
				CLANG_WARN_INFINITE_RECURSION = YES;
				CLANG_WARN_INT_CONVERSION = YES;
				CLANG_WARN_NON_LITERAL_NULL_CONVERSION = YES;
				CLANG_WARN_OBJC_IMPLICIT_RETAIN_SELF = YES;
				CLANG_WARN_OBJC_LITERAL_CONVERSION = YES;
				CLANG_WARN_OBJC_ROOT_CLASS = YES_ERROR;
				CLANG_WARN_QUOTED_INCLUDE_IN_FRAMEWORK_HEADER = YES;
				CLANG_WARN_RANGE_LOOP_ANALYSIS = YES;
				CLANG_WARN_STRICT_PROTOTYPES = YES;
				CLANG_WARN_SUSPICIOUS_MOVE = YES;
				CLANG_WARN_UNGUARDED_AVAILABILITY = YES_AGGRESSIVE;
				CLANG_WARN_UNREACHABLE_CODE = YES;
				CLANG_WARN__DUPLICATE_METHOD_MATCH = YES;
				COPY_PHASE_STRIP = NO;
				DEBUG_INFORMATION_FORMAT = "dwarf-with-dsym";
				ENABLE_NS_ASSERTIONS = NO;
				ENABLE_STRICT_OBJC_MSGSEND = YES;
				GCC_C_LANGUAGE_STANDARD = gnu11;
				GCC_NO_COMMON_BLOCKS = YES;
				GCC_WARN_64_TO_32_BIT_CONVERSION = YES;
				GCC_WARN_ABOUT_RETURN_TYPE = YES_ERROR;
				GCC_WARN_UNDECLARED_SELECTOR = YES;
				GCC_WARN_UNINITIALIZED_AUTOS = YES_AGGRESSIVE;
				GCC_WARN_UNUSED_FUNCTION = YES;
				GCC_WARN_UNUSED_VARIABLE = YES;
				IPHONEOS_DEPLOYMENT_TARGET = 16.4;
				MTL_ENABLE_DEBUG_INFO = NO;
				MTL_FAST_MATH = YES;
				SDKROOT = iphoneos;
				SWIFT_COMPILATION_MODE = wholemodule;
				SWIFT_OPTIMIZATION_LEVEL = "-O";
				VALIDATE_PRODUCT = YES;
			};
			name = Release;
		};
		2CAC38582A78EE1D00735A2E /* Debug */ = {
			isa = XCBuildConfiguration;
			buildSettings = {
				ASSETCATALOG_COMPILER_APPICON_NAME = AppIcon;
				ASSETCATALOG_COMPILER_GLOBAL_ACCENT_COLOR_NAME = AccentColor;
				CODE_SIGN_STYLE = Automatic;
				CURRENT_PROJECT_VERSION = 1;
				DEVELOPMENT_TEAM = B66N983M7Q;
				GENERATE_INFOPLIST_FILE = YES;
				INFOPLIST_FILE = CVApp/Info.plist;
				INFOPLIST_KEY_UIApplicationSupportsIndirectInputEvents = YES;
				INFOPLIST_KEY_UILaunchStoryboardName = LaunchScreen;
				INFOPLIST_KEY_UIMainStoryboardFile = "";
				INFOPLIST_KEY_UISupportedInterfaceOrientations = UIInterfaceOrientationPortrait;
				INFOPLIST_KEY_UISupportedInterfaceOrientations_iPad = "UIInterfaceOrientationLandscapeLeft UIInterfaceOrientationLandscapeRight UIInterfaceOrientationPortrait UIInterfaceOrientationPortraitUpsideDown";
				LD_RUNPATH_SEARCH_PATHS = (
					"$(inherited)",
					"@executable_path/Frameworks",
				);
				MARKETING_VERSION = 1.0;
				PRODUCT_BUNDLE_IDENTIFIER = ru.zyfunphoto.CVApp;
				PRODUCT_NAME = "$(TARGET_NAME)";
				SUPPORTED_PLATFORMS = "iphoneos iphonesimulator";
				SUPPORTS_MACCATALYST = NO;
				SUPPORTS_MAC_DESIGNED_FOR_IPHONE_IPAD = NO;
				SWIFT_EMIT_LOC_STRINGS = YES;
				SWIFT_VERSION = 5.0;
				TARGETED_DEVICE_FAMILY = 1;
			};
			name = Debug;
		};
		2CAC38592A78EE1D00735A2E /* Release */ = {
			isa = XCBuildConfiguration;
			buildSettings = {
				ASSETCATALOG_COMPILER_APPICON_NAME = AppIcon;
				ASSETCATALOG_COMPILER_GLOBAL_ACCENT_COLOR_NAME = AccentColor;
				CODE_SIGN_STYLE = Automatic;
				CURRENT_PROJECT_VERSION = 1;
				DEVELOPMENT_TEAM = B66N983M7Q;
				GENERATE_INFOPLIST_FILE = YES;
				INFOPLIST_FILE = CVApp/Info.plist;
				INFOPLIST_KEY_UIApplicationSupportsIndirectInputEvents = YES;
				INFOPLIST_KEY_UILaunchStoryboardName = LaunchScreen;
				INFOPLIST_KEY_UIMainStoryboardFile = "";
				INFOPLIST_KEY_UISupportedInterfaceOrientations = UIInterfaceOrientationPortrait;
				INFOPLIST_KEY_UISupportedInterfaceOrientations_iPad = "UIInterfaceOrientationLandscapeLeft UIInterfaceOrientationLandscapeRight UIInterfaceOrientationPortrait UIInterfaceOrientationPortraitUpsideDown";
				LD_RUNPATH_SEARCH_PATHS = (
					"$(inherited)",
					"@executable_path/Frameworks",
				);
				MARKETING_VERSION = 1.0;
				PRODUCT_BUNDLE_IDENTIFIER = ru.zyfunphoto.CVApp;
				PRODUCT_NAME = "$(TARGET_NAME)";
				SUPPORTED_PLATFORMS = "iphoneos iphonesimulator";
				SUPPORTS_MACCATALYST = NO;
				SUPPORTS_MAC_DESIGNED_FOR_IPHONE_IPAD = NO;
				SWIFT_EMIT_LOC_STRINGS = YES;
				SWIFT_VERSION = 5.0;
				TARGETED_DEVICE_FAMILY = 1;
			};
			name = Release;
		};
/* End XCBuildConfiguration section */

/* Begin XCConfigurationList section */
		2CAC383E2A78EE1B00735A2E /* Build configuration list for PBXProject "CVApp" */ = {
			isa = XCConfigurationList;
			buildConfigurations = (
				2CAC38552A78EE1D00735A2E /* Debug */,
				2CAC38562A78EE1D00735A2E /* Release */,
			);
			defaultConfigurationIsVisible = 0;
			defaultConfigurationName = Release;
		};
		2CAC38572A78EE1D00735A2E /* Build configuration list for PBXNativeTarget "CVApp" */ = {
			isa = XCConfigurationList;
			buildConfigurations = (
				2CAC38582A78EE1D00735A2E /* Debug */,
				2CAC38592A78EE1D00735A2E /* Release */,
			);
			defaultConfigurationIsVisible = 0;
			defaultConfigurationName = Release;
		};
/* End XCConfigurationList section */
	};
	rootObject = 2CAC383B2A78EE1B00735A2E /* Project object */;
}
